
Microsoft Visual Studio Solution File, Format Version 12.00
# Visual Studio Version 17
VisualStudioVersion = 17.4.33213.308
MinimumVisualStudioVersion = 10.0.40219.1
Project("{FAE04EC0-301F-11D3-BF4B-00C04F79EFBC}") = "GermanGrammar3", "GermanGrammar3\GermanGrammar3.csproj", "{A8A12F8A-7B59-4441-A0AD-9809D86389AD}"
EndProject
Global
	GlobalSection(SolutionConfigurationPlatforms) = preSolution
		Debug|Any CPU = Debug|Any CPU
		Release|Any CPU = Release|Any CPU
	EndGlobalSection
	GlobalSection(ProjectConfigurationPlatforms) = postSolution
		{A8A12F8A-7B59-4441-A0AD-9809D86389AD}.Debug|Any CPU.ActiveCfg = Debug|Any CPU
		{A8A12F8A-7B59-4441-A0AD-9809D86389AD}.Debug|Any CPU.Build.0 = Debug|Any CPU
		{A8A12F8A-7B59-4441-A0AD-9809D86389AD}.Release|Any CPU.ActiveCfg = Release|Any CPU
		{A8A12F8A-7B59-4441-A0AD-9809D86389AD}.Release|Any CPU.Build.0 = Release|Any CPU
	EndGlobalSection
	GlobalSection(SolutionProperties) = preSolution
		HideSolutionNode = FALSE
	EndGlobalSection
	GlobalSection(ExtensibilityGlobals) = postSolution
		SolutionGuid = {94339531-74AA-49D3-B91B-61939C3CB09C}
	EndGlobalSection
EndGlobal
